
Microsoft Visual Studio Solution File, Format Version 12.00
# Visual Studio 15
VisualStudioVersion = 15.0.26430.6
MinimumVisualStudioVersion = 10.0.40219.1
Project("{FAE04EC0-301F-11D3-BF4B-00C04F79EFBC}") = "LogisticBot", "LogisticBot.csproj", "{FAE0E5DD-C556-4EB4-AD22-2DA9091760D4}"
EndProject
Project("{2150E333-8FDC-42A3-9474-1A3956D46DE8}") = "10 Presentation Layer", "10 Presentation Layer", "{E0B699E2-47A0-4029-9318-730AC1367794}"
EndProject
Project("{2150E333-8FDC-42A3-9474-1A3956D46DE8}") = "20 Business Layer", "20 Business Layer", "{0684F4A3-A381-4B44-9FFF-A5E802CEDD5E}"
EndProject
Project("{2150E333-8FDC-42A3-9474-1A3956D46DE8}") = "30 Domain Layer", "30 Domain Layer", "{8585CB0D-F8F6-4B3C-B5DA-A0B54BF65AD7}"
EndProject
Project("{2150E333-8FDC-42A3-9474-1A3956D46DE8}") = "40 Data Layer", "40 Data Layer", "{CE7F17E5-6CB3-4A03-BA3C-E5CF785CACC5}"
EndProject
Project("{2150E333-8FDC-42A3-9474-1A3956D46DE8}") = "50 Cross-Cutting Layer", "50 Cross-Cutting Layer", "{41710AC1-D9C7-43A7-926C-095CE5EF93C7}"
EndProject
Project("{FAE04EC0-301F-11D3-BF4B-00C04F79EFBC}") = "Link.Business", "Link.Business\Link.Business.csproj", "{274D4D85-BDC3-466D-BB49-2B8EB8F174D1}"
EndProject
Project("{FAE04EC0-301F-11D3-BF4B-00C04F79EFBC}") = "Link.Data.Rest", "Link.Data.Rest\Link.Data.Rest.csproj", "{1FA743B6-DA9D-4F9A-AA8D-181D5D0AB4E6}"
EndProject
Project("{FAE04EC0-301F-11D3-BF4B-00C04F79EFBC}") = "Link.CrossCutting", "Link.CrossCutting\Link.CrossCutting.csproj", "{401E4F4C-9FCA-4C53-B58E-10021ACB0202}"
EndProject
Project("{FAE04EC0-301F-11D3-BF4B-00C04F79EFBC}") = "Link.Domain", "Link.Domain\Link.Domain.csproj", "{4908D659-89C3-4C6B-B0D6-8E4BCCC39485}"
EndProject
Project("{FAE04EC0-301F-11D3-BF4B-00C04F79EFBC}") = "Link.Data.File", "Link.Data.File\Link.Data.File.csproj", "{29E62887-D84B-4BF5-A9DA-E94626C1EDEF}"
EndProject
Project("{FAE04EC0-301F-11D3-BF4B-00C04F79EFBC}") = "Link.Business.UnitTests", "Link.Business.UnitTests\Link.Business.UnitTests.csproj", "{DE68B01A-35E5-4B5E-80AD-93ADDFFE71C6}"
EndProject
Global
	GlobalSection(SolutionConfigurationPlatforms) = preSolution
		Debug|Any CPU = Debug|Any CPU
		Release|Any CPU = Release|Any CPU
	EndGlobalSection
	GlobalSection(ProjectConfigurationPlatforms) = postSolution
		{FAE0E5DD-C556-4EB4-AD22-2DA9091760D4}.Debug|Any CPU.ActiveCfg = Debug|Any CPU
		{FAE0E5DD-C556-4EB4-AD22-2DA9091760D4}.Debug|Any CPU.Build.0 = Debug|Any CPU
		{FAE0E5DD-C556-4EB4-AD22-2DA9091760D4}.Release|Any CPU.ActiveCfg = Release|Any CPU
		{FAE0E5DD-C556-4EB4-AD22-2DA9091760D4}.Release|Any CPU.Build.0 = Release|Any CPU
		{274D4D85-BDC3-466D-BB49-2B8EB8F174D1}.Debug|Any CPU.ActiveCfg = Debug|Any CPU
		{274D4D85-BDC3-466D-BB49-2B8EB8F174D1}.Debug|Any CPU.Build.0 = Debug|Any CPU
		{274D4D85-BDC3-466D-BB49-2B8EB8F174D1}.Release|Any CPU.ActiveCfg = Release|Any CPU
		{274D4D85-BDC3-466D-BB49-2B8EB8F174D1}.Release|Any CPU.Build.0 = Release|Any CPU
		{1FA743B6-DA9D-4F9A-AA8D-181D5D0AB4E6}.Debug|Any CPU.ActiveCfg = Debug|Any CPU
		{1FA743B6-DA9D-4F9A-AA8D-181D5D0AB4E6}.Debug|Any CPU.Build.0 = Debug|Any CPU
		{1FA743B6-DA9D-4F9A-AA8D-181D5D0AB4E6}.Release|Any CPU.ActiveCfg = Release|Any CPU
		{1FA743B6-DA9D-4F9A-AA8D-181D5D0AB4E6}.Release|Any CPU.Build.0 = Release|Any CPU
		{401E4F4C-9FCA-4C53-B58E-10021ACB0202}.Debug|Any CPU.ActiveCfg = Debug|Any CPU
		{401E4F4C-9FCA-4C53-B58E-10021ACB0202}.Debug|Any CPU.Build.0 = Debug|Any CPU
		{401E4F4C-9FCA-4C53-B58E-10021ACB0202}.Release|Any CPU.ActiveCfg = Release|Any CPU
		{401E4F4C-9FCA-4C53-B58E-10021ACB0202}.Release|Any CPU.Build.0 = Release|Any CPU
		{4908D659-89C3-4C6B-B0D6-8E4BCCC39485}.Debug|Any CPU.ActiveCfg = Debug|Any CPU
		{4908D659-89C3-4C6B-B0D6-8E4BCCC39485}.Debug|Any CPU.Build.0 = Debug|Any CPU
		{4908D659-89C3-4C6B-B0D6-8E4BCCC39485}.Release|Any CPU.ActiveCfg = Release|Any CPU
		{4908D659-89C3-4C6B-B0D6-8E4BCCC39485}.Release|Any CPU.Build.0 = Release|Any CPU
		{29E62887-D84B-4BF5-A9DA-E94626C1EDEF}.Debug|Any CPU.ActiveCfg = Debug|Any CPU
		{29E62887-D84B-4BF5-A9DA-E94626C1EDEF}.Debug|Any CPU.Build.0 = Debug|Any CPU
		{29E62887-D84B-4BF5-A9DA-E94626C1EDEF}.Release|Any CPU.ActiveCfg = Release|Any CPU
		{29E62887-D84B-4BF5-A9DA-E94626C1EDEF}.Release|Any CPU.Build.0 = Release|Any CPU
		{DE68B01A-35E5-4B5E-80AD-93ADDFFE71C6}.Debug|Any CPU.ActiveCfg = Debug|Any CPU
		{DE68B01A-35E5-4B5E-80AD-93ADDFFE71C6}.Debug|Any CPU.Build.0 = Debug|Any CPU
		{DE68B01A-35E5-4B5E-80AD-93ADDFFE71C6}.Release|Any CPU.ActiveCfg = Release|Any CPU
		{DE68B01A-35E5-4B5E-80AD-93ADDFFE71C6}.Release|Any CPU.Build.0 = Release|Any CPU
	EndGlobalSection
	GlobalSection(SolutionProperties) = preSolution
		HideSolutionNode = FALSE
	EndGlobalSection
	GlobalSection(NestedProjects) = preSolution
		{FAE0E5DD-C556-4EB4-AD22-2DA9091760D4} = {E0B699E2-47A0-4029-9318-730AC1367794}
		{274D4D85-BDC3-466D-BB49-2B8EB8F174D1} = {0684F4A3-A381-4B44-9FFF-A5E802CEDD5E}
		{1FA743B6-DA9D-4F9A-AA8D-181D5D0AB4E6} = {CE7F17E5-6CB3-4A03-BA3C-E5CF785CACC5}
		{401E4F4C-9FCA-4C53-B58E-10021ACB0202} = {41710AC1-D9C7-43A7-926C-095CE5EF93C7}
		{4908D659-89C3-4C6B-B0D6-8E4BCCC39485} = {8585CB0D-F8F6-4B3C-B5DA-A0B54BF65AD7}
		{29E62887-D84B-4BF5-A9DA-E94626C1EDEF} = {CE7F17E5-6CB3-4A03-BA3C-E5CF785CACC5}
		{DE68B01A-35E5-4B5E-80AD-93ADDFFE71C6} = {0684F4A3-A381-4B44-9FFF-A5E802CEDD5E}
	EndGlobalSection
EndGlobal
